
Microsoft Visual Studio Solution File, Format Version 12.00
# Visual Studio 15
VisualStudioVersion = 15.0.27703.2035
MinimumVisualStudioVersion = 10.0.40219.1
Project("{FAE04EC0-301F-11D3-BF4B-00C04F79EFBC}") = "GoCD", "GoCD\GoCD.csproj", "{2DA10303-021E-4B94-9278-FFA53A4D94B2}"
EndProject
Global
	GlobalSection(SolutionConfigurationPlatforms) = preSolution
		Debug|Any CPU = Debug|Any CPU
		Release|Any CPU = Release|Any CPU
	EndGlobalSection
	GlobalSection(ProjectConfigurationPlatforms) = postSolution
		{2DA10303-021E-4B94-9278-FFA53A4D94B2}.Debug|Any CPU.ActiveCfg = Debug|Any CPU
		{2DA10303-021E-4B94-9278-FFA53A4D94B2}.Debug|Any CPU.Build.0 = Debug|Any CPU
		{2DA10303-021E-4B94-9278-FFA53A4D94B2}.Release|Any CPU.ActiveCfg = Release|Any CPU
		{2DA10303-021E-4B94-9278-FFA53A4D94B2}.Release|Any CPU.Build.0 = Release|Any CPU
	EndGlobalSection
	GlobalSection(SolutionProperties) = preSolution
		HideSolutionNode = FALSE
	EndGlobalSection
	GlobalSection(ExtensibilityGlobals) = postSolution
		SolutionGuid = {2193A74E-27A7-4961-A28F-743AAE90DCEB}
	EndGlobalSection
EndGlobal
